
Microsoft Visual Studio Solution File, Format Version 12.00
# Visual Studio Version 16
VisualStudioVersion = 16.0.29215.179
MinimumVisualStudioVersion = 10.0.40219.1
Project("{FAE04EC0-301F-11D3-BF4B-00C04F79EFBC}") = "sdp_task4_usama", "sdp_task4_usama\sdp_task4_usama.csproj", "{06E83982-0681-4771-99FE-4A67EF2617DA}"
EndProject
Global
	GlobalSection(SolutionConfigurationPlatforms) = preSolution
		Debug|Any CPU = Debug|Any CPU
		Release|Any CPU = Release|Any CPU
	EndGlobalSection
	GlobalSection(ProjectConfigurationPlatforms) = postSolution
		{06E83982-0681-4771-99FE-4A67EF2617DA}.Debug|Any CPU.ActiveCfg = Debug|Any CPU
		{06E83982-0681-4771-99FE-4A67EF2617DA}.Debug|Any CPU.Build.0 = Debug|Any CPU
		{06E83982-0681-4771-99FE-4A67EF2617DA}.Release|Any CPU.ActiveCfg = Release|Any CPU
		{06E83982-0681-4771-99FE-4A67EF2617DA}.Release|Any CPU.Build.0 = Release|Any CPU
	EndGlobalSection
	GlobalSection(SolutionProperties) = preSolution
		HideSolutionNode = FALSE
	EndGlobalSection
	GlobalSection(ExtensibilityGlobals) = postSolution
		SolutionGuid = {1BFDC1CD-F728-4722-A21C-3A119444667A}
	EndGlobalSection
EndGlobal
